
Microsoft Visual Studio Solution File, Format Version 12.00
# Visual Studio Version 16
VisualStudioVersion = 16.0.31727.386
MinimumVisualStudioVersion = 10.0.40219.1
Project("{FAE04EC0-301F-11D3-BF4B-00C04F79EFBC}") = "Kargoo", "Kargoo\Kargoo.csproj", "{0F16FCCB-3671-467C-89E7-CCCDFCBBEAFD}"
EndProject
Global
	GlobalSection(SolutionConfigurationPlatforms) = preSolution
		Debug|Any CPU = Debug|Any CPU
		Release|Any CPU = Release|Any CPU
	EndGlobalSection
	GlobalSection(ProjectConfigurationPlatforms) = postSolution
		{0F16FCCB-3671-467C-89E7-CCCDFCBBEAFD}.Debug|Any CPU.ActiveCfg = Debug|Any CPU
		{0F16FCCB-3671-467C-89E7-CCCDFCBBEAFD}.Debug|Any CPU.Build.0 = Debug|Any CPU
		{0F16FCCB-3671-467C-89E7-CCCDFCBBEAFD}.Release|Any CPU.ActiveCfg = Release|Any CPU
		{0F16FCCB-3671-467C-89E7-CCCDFCBBEAFD}.Release|Any CPU.Build.0 = Release|Any CPU
	EndGlobalSection
	GlobalSection(SolutionProperties) = preSolution
		HideSolutionNode = FALSE
	EndGlobalSection
	GlobalSection(ExtensibilityGlobals) = postSolution
		SolutionGuid = {BB628827-0932-4F42-8FD2-03093608AF92}
	EndGlobalSection
EndGlobal
